{
  "requires": true,
  "lockfileVersion": 1,
  "dependencies": {
    "moment": {
      "version": "2.22.2",
      "resolved": "https://registry.npmjs.org/moment/-/moment-2.22.2.tgz",
      "integrity": "sha1-PCV/mDn8DpP/UxSWMiOeuQeD/2Y="
    },
    "vue": {
      "version": "2.5.17",
      "resolved": "https://registry.npmjs.org/vue/-/vue-2.5.17.tgz",
      "integrity": "sha512-mFbcWoDIJi0w0Za4emyLiW72Jae0yjANHbCVquMKijcavBGypqlF7zHRgMa5k4sesdv7hv2rB4JPdZfR+TPfhQ=="
    },
    "vue2-timepicker": {
      "version": "0.1.4",
      "resolved": "https://registry.npmjs.org/vue2-timepicker/-/vue2-timepicker-0.1.4.tgz",
      "integrity": "sha1-CAnZsH6chkLeNgBEtqFMK38gOBU=",
      "requires": {
        "vue": "^2.0.1"
      }
    }
  }
}
